// !$*UTF8*$!
{
	archiveVersion = 1;
	classes = {
	};
	objectVersion = 46;
	objects = {

/* Begin PBXBuildFile section */
		1B9E8A4D1A34BA3100D4C690 /* ColorGradientView.swift in Sources */ = {isa = PBXBuildFile; fileRef = 1B9E8A4C1A34BA3100D4C690 /* ColorGradientView.swift */; };
		1B9E8A511A3913C400D4C690 /* ColorPicker.swift in Sources */ = {isa = PBXBuildFile; fileRef = 1B9E8A501A3913C400D4C690 /* ColorPicker.swift */; };
		1BA9CF3E1A2D4C03003CD248 /* AppDelegate.swift in Sources */ = {isa = PBXBuildFile; fileRef = 1BA9CF3D1A2D4C03003CD248 /* AppDelegate.swift */; };
		1BA9CF401A2D4C03003CD248 /* ViewController.swift in Sources */ = {isa = PBXBuildFile; fileRef = 1BA9CF3F1A2D4C03003CD248 /* ViewController.swift */; };
		1BA9CF431A2D4C03003CD248 /* Main.storyboard in Resources */ = {isa = PBXBuildFile; fileRef = 1BA9CF411A2D4C03003CD248 /* Main.storyboard */; };
		1BA9CF451A2D4C03003CD248 /* Images.xcassets in Resources */ = {isa = PBXBuildFile; fileRef = 1BA9CF441A2D4C03003CD248 /* Images.xcassets */; };
		1BA9CF481A2D4C03003CD248 /* LaunchScreen.xib in Resources */ = {isa = PBXBuildFile; fileRef = 1BA9CF461A2D4C03003CD248 /* LaunchScreen.xib */; };
		1BA9CF541A2D4C03003CD248 /* SwiftColorPickerTests.swift in Sources */ = {isa = PBXBuildFile; fileRef = 1BA9CF531A2D4C03003CD248 /* SwiftColorPickerTests.swift */; };
		1BA9CF5E1A2D4D59003CD248 /* CrossHairView.swift in Sources */ = {isa = PBXBuildFile; fileRef = 1BA9CF5D1A2D4D59003CD248 /* CrossHairView.swift */; };
		1BF265691A2FEF3200D98815 /* Color.swift in Sources */ = {isa = PBXBuildFile; fileRef = 1BF265681A2FEF3200D98815 /* Color.swift */; };
/* End PBXBuildFile section */

/* Begin PBXContainerItemProxy section */
		1BA9CF4E1A2D4C03003CD248 /* PBXContainerItemProxy */ = {
			isa = PBXContainerItemProxy;
			containerPortal = 1BA9CF301A2D4C03003CD248 /* Project object */;
			proxyType = 1;
			remoteGlobalIDString = 1BA9CF371A2D4C03003CD248;
			remoteInfo = SwiftColorPicker;
		};
/* End PBXContainerItemProxy section */

/* Begin PBXFileReference section */
		1B9E8A4C1A34BA3100D4C690 /* ColorGradientView.swift */ = {isa = PBXFileReference; fileEncoding = 4; lastKnownFileType = sourcecode.swift; name = ColorGradientView.swift; path = ../ColorGradientView.swift; sourceTree = "<group>"; };
		1B9E8A501A3913C400D4C690 /* ColorPicker.swift */ = {isa = PBXFileReference; fileEncoding = 4; lastKnownFileType = sourcecode.swift; name = ColorPicker.swift; path = ../ColorPicker.swift; sourceTree = "<group>"; };
		1BA9CF381A2D4C03003CD248 /* SwiftColorPicker.app */ = {isa = PBXFileReference; explicitFileType = wrapper.application; includeInIndex = 0; path = SwiftColorPicker.app; sourceTree = BUILT_PRODUCTS_DIR; };
		1BA9CF3C1A2D4C03003CD248 /* Info.plist */ = {isa = PBXFileReference; lastKnownFileType = text.plist.xml; path = Info.plist; sourceTree = "<group>"; };
		1BA9CF3D1A2D4C03003CD248 /* AppDelegate.swift */ = {isa = PBXFileReference; lastKnownFileType = sourcecode.swift; path = AppDelegate.swift; sourceTree = "<group>"; };
		1BA9CF3F1A2D4C03003CD248 /* ViewController.swift */ = {isa = PBXFileReference; lastKnownFileType = sourcecode.swift; path = ViewController.swift; sourceTree = "<group>"; };
		1BA9CF421A2D4C03003CD248 /* Base */ = {isa = PBXFileReference; lastKnownFileType = file.storyboard; name = Base; path = Base.lproj/Main.storyboard; sourceTree = "<group>"; };
		1BA9CF441A2D4C03003CD248 /* Images.xcassets */ = {isa = PBXFileReference; lastKnownFileType = folder.assetcatalog; path = Images.xcassets; sourceTree = "<group>"; };
		1BA9CF471A2D4C03003CD248 /* Base */ = {isa = PBXFileReference; lastKnownFileType = file.xib; name = Base; path = Base.lproj/LaunchScreen.xib; sourceTree = "<group>"; };
		1BA9CF4D1A2D4C03003CD248 /* SwiftColorPickerTests.xctest */ = {isa = PBXFileReference; explicitFileType = wrapper.cfbundle; includeInIndex = 0; path = SwiftColorPickerTests.xctest; sourceTree = BUILT_PRODUCTS_DIR; };
		1BA9CF521A2D4C03003CD248 /* Info.plist */ = {isa = PBXFileReference; lastKnownFileType = text.plist.xml; path = Info.plist; sourceTree = "<group>"; };
		1BA9CF531A2D4C03003CD248 /* SwiftColorPickerTests.swift */ = {isa = PBXFileReference; lastKnownFileType = sourcecode.swift; path = SwiftColorPickerTests.swift; sourceTree = "<group>"; };
		1BA9CF5D1A2D4D59003CD248 /* CrossHairView.swift */ = {isa = PBXFileReference; fileEncoding = 4; lastKnownFileType = sourcecode.swift; path = CrossHairView.swift; sourceTree = "<group>"; };
		1BF265681A2FEF3200D98815 /* Color.swift */ = {isa = PBXFileReference; fileEncoding = 4; lastKnownFileType = sourcecode.swift; path = Color.swift; sourceTree = "<group>"; };
/* End PBXFileReference section */

/* Begin PBXFrameworksBuildPhase section */
		1BA9CF351A2D4C03003CD248 /* Frameworks */ = {
			isa = PBXFrameworksBuildPhase;
			buildActionMask = 2147483647;
			files = (
			);
			runOnlyForDeploymentPostprocessing = 0;
		};
		1BA9CF4A1A2D4C03003CD248 /* Frameworks */ = {
			isa = PBXFrameworksBuildPhase;
			buildActionMask = 2147483647;
			files = (
			);
			runOnlyForDeploymentPostprocessing = 0;
		};
/* End PBXFrameworksBuildPhase section */

/* Begin PBXGroup section */
		1BA9CF2F1A2D4C03003CD248 = {
			isa = PBXGroup;
			children = (
				1BA9CF3A1A2D4C03003CD248 /* SwiftColorPicker */,
				1BA9CF501A2D4C03003CD248 /* SwiftColorPickerTests */,
				1BA9CF391A2D4C03003CD248 /* Products */,
			);
			sourceTree = "<group>";
		};
		1BA9CF391A2D4C03003CD248 /* Products */ = {
			isa = PBXGroup;
			children = (
				1BA9CF381A2D4C03003CD248 /* SwiftColorPicker.app */,
				1BA9CF4D1A2D4C03003CD248 /* SwiftColorPickerTests.xctest */,
			);
			name = Products;
			sourceTree = "<group>";
		};
		1BA9CF3A1A2D4C03003CD248 /* SwiftColorPicker */ = {
			isa = PBXGroup;
			children = (
				1B9E8A501A3913C400D4C690 /* ColorPicker.swift */,
				1B9E8A4C1A34BA3100D4C690 /* ColorGradientView.swift */,
				1BA9CF5D1A2D4D59003CD248 /* CrossHairView.swift */,
				1BF265681A2FEF3200D98815 /* Color.swift */,
				1BA9CF3D1A2D4C03003CD248 /* AppDelegate.swift */,
				1BA9CF3F1A2D4C03003CD248 /* ViewController.swift */,
				1BA9CF411A2D4C03003CD248 /* Main.storyboard */,
				1BA9CF441A2D4C03003CD248 /* Images.xcassets */,
				1BA9CF461A2D4C03003CD248 /* LaunchScreen.xib */,
				1BA9CF3B1A2D4C03003CD248 /* Supporting Files */,
			);
			path = SwiftColorPicker;
			sourceTree = "<group>";
		};
		1BA9CF3B1A2D4C03003CD248 /* Supporting Files */ = {
			isa = PBXGroup;
			children = (
				1BA9CF3C1A2D4C03003CD248 /* Info.plist */,
			);
			name = "Supporting Files";
			sourceTree = "<group>";
		};
		1BA9CF501A2D4C03003CD248 /* SwiftColorPickerTests */ = {
			isa = PBXGroup;
			children = (
				1BA9CF531A2D4C03003CD248 /* SwiftColorPickerTests.swift */,
				1BA9CF511A2D4C03003CD248 /* Supporting Files */,
			);
			path = SwiftColorPickerTests;
			sourceTree = "<group>";
		};
		1BA9CF511A2D4C03003CD248 /* Supporting Files */ = {
			isa = PBXGroup;
			children = (
				1BA9CF521A2D4C03003CD248 /* Info.plist */,
			);
			name = "Supporting Files";
			sourceTree = "<group>";
		};
/* End PBXGroup section */

/* Begin PBXNativeTarget section */
		1BA9CF371A2D4C03003CD248 /* SwiftColorPicker */ = {
			isa = PBXNativeTarget;
			buildConfigurationList = 1BA9CF571A2D4C03003CD248 /* Build configuration list for PBXNativeTarget "SwiftColorPicker" */;
			buildPhases = (
				1BA9CF341A2D4C03003CD248 /* Sources */,
				1BA9CF351A2D4C03003CD248 /* Frameworks */,
				1BA9CF361A2D4C03003CD248 /* Resources */,
			);
			buildRules = (
			);
			dependencies = (
			);
			name = SwiftColorPicker;
			productName = SwiftColorPicker;
			productReference = 1BA9CF381A2D4C03003CD248 /* SwiftColorPicker.app */;
			productType = "com.apple.product-type.application";
		};
		1BA9CF4C1A2D4C03003CD248 /* SwiftColorPickerTests */ = {
			isa = PBXNativeTarget;
			buildConfigurationList = 1BA9CF5A1A2D4C03003CD248 /* Build configuration list for PBXNativeTarget "SwiftColorPickerTests" */;
			buildPhases = (
				1BA9CF491A2D4C03003CD248 /* Sources */,
				1BA9CF4A1A2D4C03003CD248 /* Frameworks */,
				1BA9CF4B1A2D4C03003CD248 /* Resources */,
			);
			buildRules = (
			);
			dependencies = (
				1BA9CF4F1A2D4C03003CD248 /* PBXTargetDependency */,
			);
			name = SwiftColorPickerTests;
			productName = SwiftColorPickerTests;
			productReference = 1BA9CF4D1A2D4C03003CD248 /* SwiftColorPickerTests.xctest */;
			productType = "com.apple.product-type.bundle.unit-test";
		};
/* End PBXNativeTarget section */

/* Begin PBXProject section */
		1BA9CF301A2D4C03003CD248 /* Project object */ = {
			isa = PBXProject;
			attributes = {
				LastUpgradeCheck = 0610;
				ORGANIZATIONNAME = "Epiphanic Studios";
				TargetAttributes = {
					1BA9CF371A2D4C03003CD248 = {
						CreatedOnToolsVersion = 6.1;
					};
					1BA9CF4C1A2D4C03003CD248 = {
						CreatedOnToolsVersion = 6.1;
						TestTargetID = 1BA9CF371A2D4C03003CD248;
					};
				};
			};
			buildConfigurationList = 1BA9CF331A2D4C03003CD248 /* Build configuration list for PBXProject "SwiftColorPicker" */;
			compatibilityVersion = "Xcode 3.2";
			developmentRegion = English;
			hasScannedForEncodings = 0;
			knownRegions = (
				en,
				Base,
			);
			mainGroup = 1BA9CF2F1A2D4C03003CD248;
			productRefGroup = 1BA9CF391A2D4C03003CD248 /* Products */;
			projectDirPath = "";
			projectRoot = "";
			targets = (
				1BA9CF371A2D4C03003CD248 /* SwiftColorPicker */,
				1BA9CF4C1A2D4C03003CD248 /* SwiftColorPickerTests */,
			);
		};
/* End PBXProject section */

/* Begin PBXResourcesBuildPhase section */
		1BA9CF361A2D4C03003CD248 /* Resources */ = {
			isa = PBXResourcesBuildPhase;
			buildActionMask = 2147483647;
			files = (
				1BA9CF431A2D4C03003CD248 /* Main.storyboard in Resources */,
				1BA9CF481A2D4C03003CD248 /* LaunchScreen.xib in Resources */,
				1BA9CF451A2D4C03003CD248 /* Images.xcassets in Resources */,
			);
			runOnlyForDeploymentPostprocessing = 0;
		};
		1BA9CF4B1A2D4C03003CD248 /* Resources */ = {
			isa = PBXResourcesBuildPhase;
			buildActionMask = 2147483647;
			files = (
			);
			runOnlyForDeploymentPostprocessing = 0;
		};
/* End PBXResourcesBuildPhase section */

/* Begin PBXSourcesBuildPhase section */
		1BA9CF341A2D4C03003CD248 /* Sources */ = {
			isa = PBXSourcesBuildPhase;
			buildActionMask = 2147483647;
			files = (
				1BA9CF401A2D4C03003CD248 /* ViewController.swift in Sources */,
				1BF265691A2FEF3200D98815 /* Color.swift in Sources */,
				1B9E8A511A3913C400D4C690 /* ColorPicker.swift in Sources */,
				1BA9CF3E1A2D4C03003CD248 /* AppDelegate.swift in Sources */,
				1B9E8A4D1A34BA3100D4C690 /* ColorGradientView.swift in Sources */,
				1BA9CF5E1A2D4D59003CD248 /* CrossHairView.swift in Sources */,
			);
			runOnlyForDeploymentPostprocessing = 0;
		};
		1BA9CF491A2D4C03003CD248 /* Sources */ = {
			isa = PBXSourcesBuildPhase;
			buildActionMask = 2147483647;
			files = (
				1BA9CF541A2D4C03003CD248 /* SwiftColorPickerTests.swift in Sources */,
			);
			runOnlyForDeploymentPostprocessing = 0;
		};
/* End PBXSourcesBuildPhase section */

/* Begin PBXTargetDependency section */
		1BA9CF4F1A2D4C03003CD248 /* PBXTargetDependency */ = {
			isa = PBXTargetDependency;
			target = 1BA9CF371A2D4C03003CD248 /* SwiftColorPicker */;
			targetProxy = 1BA9CF4E1A2D4C03003CD248 /* PBXContainerItemProxy */;
		};
/* End PBXTargetDependency section */

/* Begin PBXVariantGroup section */
		1BA9CF411A2D4C03003CD248 /* Main.storyboard */ = {
			isa = PBXVariantGroup;
			children = (
				1BA9CF421A2D4C03003CD248 /* Base */,
			);
			name = Main.storyboard;
			sourceTree = "<group>";
		};
		1BA9CF461A2D4C03003CD248 /* LaunchScreen.xib */ = {
			isa = PBXVariantGroup;
			children = (
				1BA9CF471A2D4C03003CD248 /* Base */,
			);
			name = LaunchScreen.xib;
			sourceTree = "<group>";
		};
/* End PBXVariantGroup section */

/* Begin XCBuildConfiguration section */
		1BA9CF551A2D4C03003CD248 /* Debug */ = {
			isa = XCBuildConfiguration;
			buildSettings = {
				ALWAYS_SEARCH_USER_PATHS = NO;
				CLANG_CXX_LANGUAGE_STANDARD = "gnu++0x";
				CLANG_CXX_LIBRARY = "libc++";
				CLANG_ENABLE_MODULES = YES;
				CLANG_ENABLE_OBJC_ARC = YES;
				CLANG_WARN_BOOL_CONVERSION = YES;
				CLANG_WARN_CONSTANT_CONVERSION = YES;
				CLANG_WARN_DIRECT_OBJC_ISA_USAGE = YES_ERROR;
				CLANG_WARN_EMPTY_BODY = YES;
				CLANG_WARN_ENUM_CONVERSION = YES;
				CLANG_WARN_INT_CONVERSION = YES;
				CLANG_WARN_OBJC_ROOT_CLASS = YES_ERROR;
				CLANG_WARN_UNREACHABLE_CODE = YES;
				CLANG_WARN__DUPLICATE_METHOD_MATCH = YES;
				"CODE_SIGN_IDENTITY[sdk=iphoneos*]" = "iPhone Developer";
				COPY_PHASE_STRIP = NO;
				ENABLE_STRICT_OBJC_MSGSEND = YES;
				GCC_C_LANGUAGE_STANDARD = gnu99;
				GCC_DYNAMIC_NO_PIC = NO;
				GCC_OPTIMIZATION_LEVEL = 0;
				GCC_PREPROCESSOR_DEFINITIONS = (
					"DEBUG=1",
					"$(inherited)",
				);
				GCC_SYMBOLS_PRIVATE_EXTERN = NO;
				GCC_WARN_64_TO_32_BIT_CONVERSION = YES;
				GCC_WARN_ABOUT_RETURN_TYPE = YES_ERROR;
				GCC_WARN_UNDECLARED_SELECTOR = YES;
				GCC_WARN_UNINITIALIZED_AUTOS = YES_AGGRESSIVE;
				GCC_WARN_UNUSED_FUNCTION = YES;
				GCC_WARN_UNUSED_VARIABLE = YES;
				IPHONEOS_DEPLOYMENT_TARGET = 8.1;
				MTL_ENABLE_DEBUG_INFO = YES;
				ONLY_ACTIVE_ARCH = YES;
				SDKROOT = iphoneos;
				SWIFT_OPTIMIZATION_LEVEL = "-Onone";
				TARGETED_DEVICE_FAMILY = "1,2";
			};
			name = Debug;
		};
		1BA9CF561A2D4C03003CD248 /* Release */ = {
			isa = XCBuildConfiguration;
			buildSettings = {
				ALWAYS_SEARCH_USER_PATHS = NO;
				CLANG_CXX_LANGUAGE_STANDARD = "gnu++0x";
				CLANG_CXX_LIBRARY = "libc++";
				CLANG_ENABLE_MODULES = YES;
				CLANG_ENABLE_OBJC_ARC = YES;
				CLANG_WARN_BOOL_CONVERSION = YES;
				CLANG_WARN_CONSTANT_CONVERSION = YES;
				CLANG_WARN_DIRECT_OBJC_ISA_USAGE = YES_ERROR;
				CLANG_WARN_EMPTY_BODY = YES;
				CLANG_WARN_ENUM_CONVERSION = YES;
				CLANG_WARN_INT_CONVERSION = YES;
				CLANG_WARN_OBJC_ROOT_CLASS = YES_ERROR;
				CLANG_WARN_UNREACHABLE_CODE = YES;
				CLANG_WARN__DUPLICATE_METHOD_MATCH = YES;
				"CODE_SIGN_IDENTITY[sdk=iphoneos*]" = "iPhone Developer";
				COPY_PHASE_STRIP = YES;
				ENABLE_NS_ASSERTIONS = NO;
				ENABLE_STRICT_OBJC_MSGSEND = YES;
				GCC_C_LANGUAGE_STANDARD = gnu99;
				GCC_WARN_64_TO_32_BIT_CONVERSION = YES;
				GCC_WARN_ABOUT_RETURN_TYPE = YES_ERROR;
				GCC_WARN_UNDECLARED_SELECTOR = YES;
				GCC_WARN_UNINITIALIZED_AUTOS = YES_AGGRESSIVE;
				GCC_WARN_UNUSED_FUNCTION = YES;
				GCC_WARN_UNUSED_VARIABLE = YES;
				IPHONEOS_DEPLOYMENT_TARGET = 8.1;
				MTL_ENABLE_DEBUG_INFO = NO;
				SDKROOT = iphoneos;
				TARGETED_DEVICE_FAMILY = "1,2";
				VALIDATE_PRODUCT = YES;
			};
			name = Release;
		};
		1BA9CF581A2D4C03003CD248 /* Debug */ = {
			isa = XCBuildConfiguration;
			buildSettings = {
				ASSETCATALOG_COMPILER_APPICON_NAME = AppIcon;
				INFOPLIST_FILE = SwiftColorPicker/Info.plist;
				LD_RUNPATH_SEARCH_PATHS = "$(inherited) @executable_path/Frameworks";
				PRODUCT_NAME = "$(TARGET_NAME)";
			};
			name = Debug;
		};
		1BA9CF591A2D4C03003CD248 /* Release */ = {
			isa = XCBuildConfiguration;
			buildSettings = {
				ASSETCATALOG_COMPILER_APPICON_NAME = AppIcon;
				INFOPLIST_FILE = SwiftColorPicker/Info.plist;
				LD_RUNPATH_SEARCH_PATHS = "$(inherited) @executable_path/Frameworks";
				PRODUCT_NAME = "$(TARGET_NAME)";
			};
			name = Release;
		};
		1BA9CF5B1A2D4C03003CD248 /* Debug */ = {
			isa = XCBuildConfiguration;
			buildSettings = {
				BUNDLE_LOADER = "$(TEST_HOST)";
				FRAMEWORK_SEARCH_PATHS = (
					"$(SDKROOT)/Developer/Library/Frameworks",
					"$(inherited)",
				);
				GCC_PREPROCESSOR_DEFINITIONS = (
					"DEBUG=1",
					"$(inherited)",
				);
				INFOPLIST_FILE = SwiftColorPickerTests/Info.plist;
				LD_RUNPATH_SEARCH_PATHS = "$(inherited) @executable_path/Frameworks @loader_path/Frameworks";
				PRODUCT_NAME = "$(TARGET_NAME)";
				TEST_HOST = "$(BUILT_PRODUCTS_DIR)/SwiftColorPicker.app/SwiftColorPicker";
			};
			name = Debug;
		};
		1BA9CF5C1A2D4C03003CD248 /* Release */ = {
			isa = XCBuildConfiguration;
			buildSettings = {
				BUNDLE_LOADER = "$(TEST_HOST)";
				FRAMEWORK_SEARCH_PATHS = (
					"$(SDKROOT)/Developer/Library/Frameworks",
					"$(inherited)",
				);
				INFOPLIST_FILE = SwiftColorPickerTests/Info.plist;
				LD_RUNPATH_SEARCH_PATHS = "$(inherited) @executable_path/Frameworks @loader_path/Frameworks";
				PRODUCT_NAME = "$(TARGET_NAME)";
				TEST_HOST = "$(BUILT_PRODUCTS_DIR)/SwiftColorPicker.app/SwiftColorPicker";
			};
			name = Release;
		};
/* End XCBuildConfiguration section */

/* Begin XCConfigurationList section */
		1BA9CF331A2D4C03003CD248 /* Build configuration list for PBXProject "SwiftColorPicker" */ = {
			isa = XCConfigurationList;
			buildConfigurations = (
				1BA9CF551A2D4C03003CD248 /* Debug */,
				1BA9CF561A2D4C03003CD248 /* Release */,
			);
			defaultConfigurationIsVisible = 0;
			defaultConfigurationName = Release;
		};
		1BA9CF571A2D4C03003CD248 /* Build configuration list for PBXNativeTarget "SwiftColorPicker" */ = {
			isa = XCConfigurationList;
			buildConfigurations = (
				1BA9CF581A2D4C03003CD248 /* Debug */,
				1BA9CF591A2D4C03003CD248 /* Release */,
			);
			defaultConfigurationIsVisible = 0;
			defaultConfigurationName = Release;
		};
		1BA9CF5A1A2D4C03003CD248 /* Build configuration list for PBXNativeTarget "SwiftColorPickerTests" */ = {
			isa = XCConfigurationList;
			buildConfigurations = (
				1BA9CF5B1A2D4C03003CD248 /* Debug */,
				1BA9CF5C1A2D4C03003CD248 /* Release */,
			);
			defaultConfigurationIsVisible = 0;
			defaultConfigurationName = Release;
		};
/* End XCConfigurationList section */
	};
	rootObject = 1BA9CF301A2D4C03003CD248 /* Project object */;
}
